
Microsoft Visual Studio Solution File, Format Version 12.00
# Visual Studio Version 16
VisualStudioVersion = 16.0.32630.194
MinimumVisualStudioVersion = 10.0.40219.1
Project("{FAE04EC0-301F-11D3-BF4B-00C04F79EFBC}") = "Lab1_3", "Lab1_3\Lab1_3.csproj", "{1555E509-FF9E-4E39-B945-4E02CA1FFAA9}"
EndProject
Global
	GlobalSection(SolutionConfigurationPlatforms) = preSolution
		Debug|Any CPU = Debug|Any CPU
		Release|Any CPU = Release|Any CPU
	EndGlobalSection
	GlobalSection(ProjectConfigurationPlatforms) = postSolution
		{1555E509-FF9E-4E39-B945-4E02CA1FFAA9}.Debug|Any CPU.ActiveCfg = Debug|Any CPU
		{1555E509-FF9E-4E39-B945-4E02CA1FFAA9}.Debug|Any CPU.Build.0 = Debug|Any CPU
		{1555E509-FF9E-4E39-B945-4E02CA1FFAA9}.Release|Any CPU.ActiveCfg = Release|Any CPU
		{1555E509-FF9E-4E39-B945-4E02CA1FFAA9}.Release|Any CPU.Build.0 = Release|Any CPU
	EndGlobalSection
	GlobalSection(SolutionProperties) = preSolution
		HideSolutionNode = FALSE
	EndGlobalSection
	GlobalSection(ExtensibilityGlobals) = postSolution
		SolutionGuid = {7AFCDD62-9605-4DD4-88F0-7251B0805174}
	EndGlobalSection
EndGlobal
